<?xml version="1.0" encoding="utf-8"?>
<Project ToolsVersion="4.0" xmlns="http://schemas.microsoft.com/developer/msbuild/2003">
  <ItemGroup>
    <Filter Include="Source Files">
      <UniqueIdentifier>{4FC737F1-C7A5-4376-A066-2A32D752A2FF}</UniqueIdentifier>
      <Extensions>cpp;c;cc;cxx;def;odl;idl;hpj;bat;asm;asmx</Extensions>
    </Filter>
    <Filter Include="Header Files">
      <UniqueIdentifier>{93995380-89BD-4b04-88EB-625FBE52EBFB}</UniqueIdentifier>
      <Extensions>h;hh;hpp;hxx;hm;inl;inc;xsd</Extensions>
    </Filter>
    <Filter Include="Header Files\Resource Files">
      <UniqueIdentifier>{67DA6AB6-F800-4c08-8B7A-83BB121AAD01}</UniqueIdentifier>
      <Extensions>rc;ico;cur;bmp;dlg;rc2;rct;bin;rgs;gif;jpg;jpeg;jpe;resx;tiff;tif;png;wav;mfcribbon-ms</Extensions>
    </Filter>
  </ItemGroup>
  <ItemGroup>
    <ClInclude Include="..\include\Collision_check.h">
      <Filter>Header Files</Filter>
    </ClInclude>
    <ClInclude Include="..\include\Configuration.h">
      <Filter>Header Files</Filter>
    </ClInclude>
    <ClInclude Include="..\include\Dynamic_vel_plan.h">
      <Filter>Header Files</Filter>
    </ClInclude>
    <ClInclude Include="..\include\Environment.h">
      <Filter>Header Files</Filter>
    </ClInclude>
    <ClInclude Include="..\include\Force_extend.h">
      <Filter>Header Files</Filter>
    </ClInclude>
    <ClInclude Include="..\include\Plan.h">
      <Filter>Header Files</Filter>
    </ClInclude>
    <ClInclude Include="..\include\rapidxml.hpp">
      <Filter>Header Files</Filter>
    </ClInclude>
    <ClInclude Include="..\include\rapidxml_iterators.hpp">
      <Filter>Header Files</Filter>
    </ClInclude>
    <ClInclude Include="..\include\rapidxml_print.hpp">
      <Filter>Header Files</Filter>
    </ClInclude>
    <ClInclude Include="..\include\rapidxml_utils.hpp">
      <Filter>Header Files</Filter>
    </ClInclude>
    <ClInclude Include="..\include\RRT.h">
      <Filter>Header Files</Filter>
    </ClInclude>
    <ClInclude Include="..\include\show.h">
      <Filter>Header Files</Filter>
    </ClInclude>
    <ClInclude Include="..\include\tinyspline.h">
      <Filter>Header Files</Filter>
    </ClInclude>
    <ClInclude Include="..\include\tinysplinecpp.h">
      <Filter>Header Files</Filter>
    </ClInclude>
    <ClInclude Include="..\include\Trajectory.h">
      <Filter>Header Files</Filter>
    </ClInclude>
    <ClInclude Include="..\include\Vehicle.h">
      <Filter>Header Files</Filter>
    </ClInclude>
  </ItemGroup>
  <ItemGroup>
    <ClCompile Include="..\source\Collision_check.cpp">
      <Filter>Source Files</Filter>
    </ClCompile>
    <ClCompile Include="..\source\Configuration.cpp">
      <Filter>Source Files</Filter>
    </ClCompile>
    <ClCompile Include="..\source\Dynamic_vel_plan.cpp">
      <Filter>Source Files</Filter>
    </ClCompile>
    <ClCompile Include="..\source\Environment.cpp">
      <Filter>Source Files</Filter>
    </ClCompile>
    <ClCompile Include="..\source\Force_extend.cpp">
      <Filter>Source Files</Filter>
    </ClCompile>
    <ClCompile Include="..\source\main.cpp">
      <Filter>Source Files</Filter>
    </ClCompile>
    <ClCompile Include="..\source\Plan.cpp">
      <Filter>Source Files</Filter>
    </ClCompile>
    <ClCompile Include="..\source\RRT.cpp">
      <Filter>Source Files</Filter>
    </ClCompile>
    <ClCompile Include="..\source\show.cpp">
      <Filter>Source Files</Filter>
    </ClCompile>
    <ClCompile Include="..\source\tinyspline.c">
      <Filter>Source Files</Filter>
    </ClCompile>
    <ClCompile Include="..\source\tinysplinecpp.cpp">
      <Filter>Source Files</Filter>
    </ClCompile>
    <ClCompile Include="..\source\Trajectory.cpp">
      <Filter>Source Files</Filter>
    </ClCompile>
    <ClCompile Include="..\source\Vehicle.cpp">
      <Filter>Source Files</Filter>
    </ClCompile>
  </ItemGroup>
</Project>